
Microsoft Visual Studio Solution File, Format Version 12.00
# Visual Studio 15
VisualStudioVersion = 15.0.26730.16
MinimumVisualStudioVersion = 10.0.40219.1
Project("{FAE04EC0-301F-11D3-BF4B-00C04F79EFBC}") = "TicTacToeConsoleRL", "TicTacToeConsoleRL\TicTacToeConsoleRL.csproj", "{D794E76C-D15E-4542-933C-307C18ACA223}"
EndProject
Global
	GlobalSection(SolutionConfigurationPlatforms) = preSolution
		Debug|Any CPU = Debug|Any CPU
		Release|Any CPU = Release|Any CPU
	EndGlobalSection
	GlobalSection(ProjectConfigurationPlatforms) = postSolution
		{D794E76C-D15E-4542-933C-307C18ACA223}.Debug|Any CPU.ActiveCfg = Debug|Any CPU
		{D794E76C-D15E-4542-933C-307C18ACA223}.Debug|Any CPU.Build.0 = Debug|Any CPU
		{D794E76C-D15E-4542-933C-307C18ACA223}.Release|Any CPU.ActiveCfg = Release|Any CPU
		{D794E76C-D15E-4542-933C-307C18ACA223}.Release|Any CPU.Build.0 = Release|Any CPU
	EndGlobalSection
	GlobalSection(SolutionProperties) = preSolution
		HideSolutionNode = FALSE
	EndGlobalSection
	GlobalSection(ExtensibilityGlobals) = postSolution
		SolutionGuid = {CC84F065-D148-49F9-A19E-E100B157345A}
	EndGlobalSection
EndGlobal
